
Microsoft Visual Studio Solution File, Format Version 12.00
# Visual Studio Version 16
VisualStudioVersion = 16.0.31729.503
MinimumVisualStudioVersion = 10.0.40219.1
Project("{FAE04EC0-301F-11D3-BF4B-00C04F79EFBC}") = "WebApplication2", "WebApplication2\WebApplication2.csproj", "{6E63F92C-9FFB-4261-A795-E654C5207C1C}"
EndProject
Project("{FAE04EC0-301F-11D3-BF4B-00C04F79EFBC}") = "ApiServerTestWpf", "ApiServerTestWpf\ApiServerTestWpf.csproj", "{C6B145EE-7FDA-42B0-9004-8A6F9F2F3779}"
EndProject
Global
	GlobalSection(SolutionConfigurationPlatforms) = preSolution
		Debug|Any CPU = Debug|Any CPU
		Release|Any CPU = Release|Any CPU
	EndGlobalSection
	GlobalSection(ProjectConfigurationPlatforms) = postSolution
		{6E63F92C-9FFB-4261-A795-E654C5207C1C}.Debug|Any CPU.ActiveCfg = Debug|Any CPU
		{6E63F92C-9FFB-4261-A795-E654C5207C1C}.Debug|Any CPU.Build.0 = Debug|Any CPU
		{6E63F92C-9FFB-4261-A795-E654C5207C1C}.Release|Any CPU.ActiveCfg = Release|Any CPU
		{6E63F92C-9FFB-4261-A795-E654C5207C1C}.Release|Any CPU.Build.0 = Release|Any CPU
		{C6B145EE-7FDA-42B0-9004-8A6F9F2F3779}.Debug|Any CPU.ActiveCfg = Debug|Any CPU
		{C6B145EE-7FDA-42B0-9004-8A6F9F2F3779}.Debug|Any CPU.Build.0 = Debug|Any CPU
		{C6B145EE-7FDA-42B0-9004-8A6F9F2F3779}.Release|Any CPU.ActiveCfg = Release|Any CPU
		{C6B145EE-7FDA-42B0-9004-8A6F9F2F3779}.Release|Any CPU.Build.0 = Release|Any CPU
	EndGlobalSection
	GlobalSection(SolutionProperties) = preSolution
		HideSolutionNode = FALSE
	EndGlobalSection
	GlobalSection(ExtensibilityGlobals) = postSolution
		SolutionGuid = {348C573C-9E80-42E7-9226-04D0BA6B02F1}
	EndGlobalSection
EndGlobal
